<Solution>
  <Folder Name="/database/">
    <File Path="database/Dockerfile" />
    <File Path="database/entrypoint.sh" />
  </Folder>
  <Folder Name="/database/procedures/">
    <File Path="06_pr_CadastrarProjeto.sql" />
    <File Path="07_pr_CadastrarDepartamento.sql" />
    <File Path="database/procedures/01_pr_AlocarFuncionarioEmProjeto.sql" />
    <File Path="database/procedures/02_pr_AtualizarSalario.sql" />
    <File Path="database/procedures/03_pr_ContratarFuncionario.sql" />
    <File Path="database/procedures/04_pr_DesativarFuncionario.sql" />
    <File Path="database/procedures/05_pr_ReativarFuncionario.sql" />
  </Folder>
  <Folder Name="/database/tables/">
    <File Path="database/tables/01_Departamentos.sql" />
    <File Path="database/tables/02_Funcionarios.sql" />
    <File Path="database/tables/03_DetalhesContrato.sql" />
    <File Path="database/tables/04_Projetos.sql" />
    <File Path="database/tables/05_FuncionariosProjetos.sql" />
  </Folder>
  <Folder Name="/database/triggers/">
    <File Path="database/triggers/01_tr_RemoverAlocacoesAoDesativar.sql" />
  </Folder>
  <Folder Name="/database/views/">
    <File Path="database/views/01_vw_RelatorioFuncionariosDetalhado.sql" />
    <File Path="database/views/02_vw_RelatorioProjetosDetalhado.sql" />
  </Folder>
  <Folder Name="/Itens de Solução/">
    <File Path="docker-compose.yml" />
  </Folder>
  <Folder Name="/src/" />
  <Folder Name="/src/Backend/">
    <Project Path="src/Backend/WorkplaceSimulation.API/WorkplaceSimulation.API.csproj" />
    <Project Path="src/Backend/WorkplaceSimulation.Application/WorkplaceSimulation.Application.csproj" Id="869b68e5-5274-4445-a48e-2c39c0daf712" />
    <Project Path="src/Backend/WorkplaceSimulation.Domain/WorkplaceSimulation.Domain.csproj" Id="f8401e02-7bf5-408a-a8f1-a3293efc7c2d" />
    <Project Path="src/Backend/WorkplaceSimulation.Infrastructure/WorkplaceSimulation.Infrastructure.csproj" Id="b30b7c87-a894-4f93-8d8e-37454183937d" />
  </Folder>
  <Folder Name="/src/Shared/">
    <Project Path="src/Shared/WorkplaceSimulation.Communication/WorkplaceSimulation.Communication.csproj" Id="4944a921-9a73-46e9-97e3-e82ee45aa5e7" />
  </Folder>
</Solution>
